lockfileVersion: '9.0'

settings:
  autoInstallPeers: true
  excludeLinksFromLockfile: false

importers:

  .:
    dependencies:
      '@edgeone/pages-blob':
        specifier: 0.0.16
        version: 0.0.16

packages:

  '@edgeone/pages-blob@0.0.16':
    resolution: {integrity: sha512-Qk3SHTSvCF7awlKsG5t45FolHd8kVH44yJKeXM21qNq8A1I1mTGUuQWa+j4shwuBdgQTvRHTFBbQxAvKqiR22A==}
    engines: {node: '>=18.0.0'}

snapshots:

  '@edgeone/pages-blob@0.0.16': {}
